// !$*UTF8*$!
{
	archiveVersion = 1;
	classes = {
	};
	objectVersion = 60;
	objects = {

/* Begin PBXBuildFile section */
		5353F08D2B8CFB5B0088050A /* Rules.swift in Sources */ = {isa = PBXBuildFile; fileRef = 5353F08C2B8CFB5B0088050A /* Rules.swift */; };
		BE0DCDD62B8B687D00249D2E /* AppDelegate.swift in Sources */ = {isa = PBXBuildFile; fileRef = BE0DCDD52B8B687D00249D2E /* AppDelegate.swift */; };
		BE0DCDD82B8B687D00249D2E /* SceneDelegate.swift in Sources */ = {isa = PBXBuildFile; fileRef = BE0DCDD72B8B687D00249D2E /* SceneDelegate.swift */; };
		BE0DCDDA2B8B687D00249D2E /* StartViewController.swift in Sources */ = {isa = PBXBuildFile; fileRef = BE0DCDD92B8B687D00249D2E /* StartViewController.swift */; };
		BE0DCDE22B8B688000249D2E /* LaunchScreen.storyboard in Resources */ = {isa = PBXBuildFile; fileRef = BE0DCDE02B8B688000249D2E /* LaunchScreen.storyboard */; };
		BE0DCDEB2B8B69B400249D2E /* StartView.swift in Sources */ = {isa = PBXBuildFile; fileRef = BE0DCDEA2B8B69B400249D2E /* StartView.swift */; };
		BE0DCDF12B8B6A8E00249D2E /* Question.swift in Sources */ = {isa = PBXBuildFile; fileRef = BE0DCDF02B8B6A8E00249D2E /* Question.swift */; };
		BE0DCDF32B8B849100249D2E /* Assets.xcassets in Resources */ = {isa = PBXBuildFile; fileRef = BE0DCDF22B8B849100249D2E /* Assets.xcassets */; };
		BE0DCE052B8BB47800249D2E /* Gilroy-Lightitalic.ttf in Resources */ = {isa = PBXBuildFile; fileRef = BE0DCE022B8BB47800249D2E /* Gilroy-Lightitalic.ttf */; };
		BE0DCE062B8BB47800249D2E /* Gilroy-Bold.ttf in Resources */ = {isa = PBXBuildFile; fileRef = BE0DCE032B8BB47800249D2E /* Gilroy-Bold.ttf */; };
		BE0DCE072B8BB47800249D2E /* Gilroy-Regular.ttf in Resources */ = {isa = PBXBuildFile; fileRef = BE0DCE042B8BB47800249D2E /* Gilroy-Regular.ttf */; };
		BE0DCE092B8BBCD700249D2E /* GameViewController.swift in Sources */ = {isa = PBXBuildFile; fileRef = BE0DCE082B8BBCD700249D2E /* GameViewController.swift */; };
		BE0DCE0B2B8BBCE000249D2E /* GameView.swift in Sources */ = {isa = PBXBuildFile; fileRef = BE0DCE0A2B8BBCE000249D2E /* GameView.swift */; };
		BE0DCE112B8BBD7900249D2E /* ResultView.swift in Sources */ = {isa = PBXBuildFile; fileRef = BE0DCE102B8BBD7900249D2E /* ResultView.swift */; };
		BE0DCE132B8BBD8A00249D2E /* ResultViewController.swift in Sources */ = {isa = PBXBuildFile; fileRef = BE0DCE122B8BBD8A00249D2E /* ResultViewController.swift */; };
		BE0DCE152B8BBE4100249D2E /* GameOverViewController.swift in Sources */ = {isa = PBXBuildFile; fileRef = BE0DCE142B8BBE4100249D2E /* GameOverViewController.swift */; };
		BE0DCE172B8BBE4A00249D2E /* GameOverView.swift in Sources */ = {isa = PBXBuildFile; fileRef = BE0DCE162B8BBE4A00249D2E /* GameOverView.swift */; };
		BE0DCE192B8BC1A800249D2E /* RulesViewController.swift in Sources */ = {isa = PBXBuildFile; fileRef = BE0DCE182B8BC1A800249D2E /* RulesViewController.swift */; };
		BE0DCE1B2B8BC1B300249D2E /* RulesView.swift in Sources */ = {isa = PBXBuildFile; fileRef = BE0DCE1A2B8BC1B300249D2E /* RulesView.swift */; };
		BE0DCE1D2B8BD2CF00249D2E /* Answer.swift in Sources */ = {isa = PBXBuildFile; fileRef = BE0DCE1C2B8BD2CF00249D2E /* Answer.swift */; };
		BE0DCE1F2B8D4ED500249D2E /* Quiz.swift in Sources */ = {isa = PBXBuildFile; fileRef = BE0DCE1E2B8D4ED500249D2E /* Quiz.swift */; };
		BE0DCE2B2B8E1E5B00249D2E /* otvetPrinyat.mp3 in Resources */ = {isa = PBXBuildFile; fileRef = BE0DCE262B8E1E5B00249D2E /* otvetPrinyat.mp3 */; };
		BE0DCE2C2B8E1E5B00249D2E /* boleeKachestvennyiy.mp3 in Resources */ = {isa = PBXBuildFile; fileRef = BE0DCE272B8E1E5B00249D2E /* boleeKachestvennyiy.mp3 */; };
		BE0DCE2D2B8E1E5B00249D2E /* otvetVernyiy.mp3 in Resources */ = {isa = PBXBuildFile; fileRef = BE0DCE282B8E1E5B00249D2E /* otvetVernyiy.mp3 */; };
		BE0DCE2E2B8E1E5B00249D2E /* zvukChasov.mp3 in Resources */ = {isa = PBXBuildFile; fileRef = BE0DCE292B8E1E5B00249D2E /* zvukChasov.mp3 */; };
		BE0DCE2F2B8E1E5B00249D2E /* zvukNepravilnogo.mp3 in Resources */ = {isa = PBXBuildFile; fileRef = BE0DCE2A2B8E1E5B00249D2E /* zvukNepravilnogo.mp3 */; };
		CBCD61852B8D3E49005C8F54 /* ResultTableViewCell.swift in Sources */ = {isa = PBXBuildFile; fileRef = CBCD61842B8D3E49005C8F54 /* ResultTableViewCell.swift */; };
/* End PBXBuildFile section */

/* Begin PBXFileReference section */
		5353F08C2B8CFB5B0088050A /* Rules.swift */ = {isa = PBXFileReference; lastKnownFileType = sourcecode.swift; path = Rules.swift; sourceTree = "<group>"; };
		BE0DCDD22B8B687D00249D2E /* MillionerGame.app */ = {isa = PBXFileReference; explicitFileType = wrapper.application; includeInIndex = 0; path = MillionerGame.app; sourceTree = BUILT_PRODUCTS_DIR; };
		BE0DCDD52B8B687D00249D2E /* AppDelegate.swift */ = {isa = PBXFileReference; lastKnownFileType = sourcecode.swift; path = AppDelegate.swift; sourceTree = "<group>"; };
		BE0DCDD72B8B687D00249D2E /* SceneDelegate.swift */ = {isa = PBXFileReference; lastKnownFileType = sourcecode.swift; path = SceneDelegate.swift; sourceTree = "<group>"; };
		BE0DCDD92B8B687D00249D2E /* StartViewController.swift */ = {isa = PBXFileReference; lastKnownFileType = sourcecode.swift; path = StartViewController.swift; sourceTree = "<group>"; };
		BE0DCDE12B8B688000249D2E /* Base */ = {isa = PBXFileReference; lastKnownFileType = file.storyboard; name = Base; path = Base.lproj/LaunchScreen.storyboard; sourceTree = "<group>"; };
		BE0DCDE32B8B688000249D2E /* Info.plist */ = {isa = PBXFileReference; lastKnownFileType = text.plist.xml; path = Info.plist; sourceTree = "<group>"; };
		BE0DCDEA2B8B69B400249D2E /* StartView.swift */ = {isa = PBXFileReference; lastKnownFileType = sourcecode.swift; path = StartView.swift; sourceTree = "<group>"; };
		BE0DCDF02B8B6A8E00249D2E /* Question.swift */ = {isa = PBXFileReference; lastKnownFileType = sourcecode.swift; path = Question.swift; sourceTree = "<group>"; };
		BE0DCDF22B8B849100249D2E /* Assets.xcassets */ = {isa = PBXFileReference; lastKnownFileType = folder.assetcatalog; path = Assets.xcassets; sourceTree = "<group>"; };
		BE0DCE022B8BB47800249D2E /* Gilroy-Lightitalic.ttf */ = {isa = PBXFileReference; lastKnownFileType = file; path = "Gilroy-Lightitalic.ttf"; sourceTree = "<group>"; };
		BE0DCE032B8BB47800249D2E /* Gilroy-Bold.ttf */ = {isa = PBXFileReference; lastKnownFileType = file; path = "Gilroy-Bold.ttf"; sourceTree = "<group>"; };
		BE0DCE042B8BB47800249D2E /* Gilroy-Regular.ttf */ = {isa = PBXFileReference; lastKnownFileType = file; path = "Gilroy-Regular.ttf"; sourceTree = "<group>"; };
		BE0DCE082B8BBCD700249D2E /* GameViewController.swift */ = {isa = PBXFileReference; lastKnownFileType = sourcecode.swift; path = GameViewController.swift; sourceTree = "<group>"; };
		BE0DCE0A2B8BBCE000249D2E /* GameView.swift */ = {isa = PBXFileReference; lastKnownFileType = sourcecode.swift; path = GameView.swift; sourceTree = "<group>"; };
		BE0DCE102B8BBD7900249D2E /* ResultView.swift */ = {isa = PBXFileReference; lastKnownFileType = sourcecode.swift; path = ResultView.swift; sourceTree = "<group>"; };
		BE0DCE122B8BBD8A00249D2E /* ResultViewController.swift */ = {isa = PBXFileReference; lastKnownFileType = sourcecode.swift; path = ResultViewController.swift; sourceTree = "<group>"; };
		BE0DCE142B8BBE4100249D2E /* GameOverViewController.swift */ = {isa = PBXFileReference; lastKnownFileType = sourcecode.swift; path = GameOverViewController.swift; sourceTree = "<group>"; };
		BE0DCE162B8BBE4A00249D2E /* GameOverView.swift */ = {isa = PBXFileReference; lastKnownFileType = sourcecode.swift; path = GameOverView.swift; sourceTree = "<group>"; };
		BE0DCE182B8BC1A800249D2E /* RulesViewController.swift */ = {isa = PBXFileReference; lastKnownFileType = sourcecode.swift; path = RulesViewController.swift; sourceTree = "<group>"; };
		BE0DCE1A2B8BC1B300249D2E /* RulesView.swift */ = {isa = PBXFileReference; lastKnownFileType = sourcecode.swift; path = RulesView.swift; sourceTree = "<group>"; };
		BE0DCE1C2B8BD2CF00249D2E /* Answer.swift */ = {isa = PBXFileReference; lastKnownFileType = sourcecode.swift; path = Answer.swift; sourceTree = "<group>"; };
		BE0DCE1E2B8D4ED500249D2E /* Quiz.swift */ = {isa = PBXFileReference; lastKnownFileType = sourcecode.swift; path = Quiz.swift; sourceTree = "<group>"; };
		BE0DCE262B8E1E5B00249D2E /* otvetPrinyat.mp3 */ = {isa = PBXFileReference; lastKnownFileType = audio.mp3; path = otvetPrinyat.mp3; sourceTree = "<group>"; };
		BE0DCE272B8E1E5B00249D2E /* boleeKachestvennyiy.mp3 */ = {isa = PBXFileReference; lastKnownFileType = audio.mp3; path = boleeKachestvennyiy.mp3; sourceTree = "<group>"; };
		BE0DCE282B8E1E5B00249D2E /* otvetVernyiy.mp3 */ = {isa = PBXFileReference; lastKnownFileType = audio.mp3; path = otvetVernyiy.mp3; sourceTree = "<group>"; };
		BE0DCE292B8E1E5B00249D2E /* zvukChasov.mp3 */ = {isa = PBXFileReference; lastKnownFileType = audio.mp3; path = zvukChasov.mp3; sourceTree = "<group>"; };
		BE0DCE2A2B8E1E5B00249D2E /* zvukNepravilnogo.mp3 */ = {isa = PBXFileReference; lastKnownFileType = audio.mp3; path = zvukNepravilnogo.mp3; sourceTree = "<group>"; };
		CBCD61842B8D3E49005C8F54 /* ResultTableViewCell.swift */ = {isa = PBXFileReference; lastKnownFileType = sourcecode.swift; path = ResultTableViewCell.swift; sourceTree = "<group>"; };
/* End PBXFileReference section */

/* Begin PBXFrameworksBuildPhase section */
		BE0DCDCF2B8B687D00249D2E /* Frameworks */ = {
			isa = PBXFrameworksBuildPhase;
			buildActionMask = 2147483647;
			files = (
			);
			runOnlyForDeploymentPostprocessing = 0;
		};
/* End PBXFrameworksBuildPhase section */

/* Begin PBXGroup section */
		BE0DCDC92B8B687D00249D2E = {
			isa = PBXGroup;
			children = (
				BE0DCDD42B8B687D00249D2E /* MillionerGame */,
				BE0DCDD32B8B687D00249D2E /* Products */,
			);
			sourceTree = "<group>";
		};
		BE0DCDD32B8B687D00249D2E /* Products */ = {
			isa = PBXGroup;
			children = (
				BE0DCDD22B8B687D00249D2E /* MillionerGame.app */,
			);
			name = Products;
			sourceTree = "<group>";
		};
		BE0DCDD42B8B687D00249D2E /* MillionerGame */ = {
			isa = PBXGroup;
			children = (
				BE0DCDE92B8B69A600249D2E /* Application */,
				BE0DCDEF2B8B6A6400249D2E /* Model */,
				BE0DCDED2B8B6A2600249D2E /* View */,
				BE0DCDEC2B8B6A1F00249D2E /* Controller */,
				BE0DCDF42B8B8C4C00249D2E /* Sounds */,
				BE0DCE012B8B8EDB00249D2E /* Fonts */,
				BE0DCDEE2B8B6A3600249D2E /* Resources */,
			);
			path = MillionerGame;
			sourceTree = "<group>";
		};
		BE0DCDE92B8B69A600249D2E /* Application */ = {
			isa = PBXGroup;
			children = (
				BE0DCDD52B8B687D00249D2E /* AppDelegate.swift */,
				BE0DCDD72B8B687D00249D2E /* SceneDelegate.swift */,
			);
			path = Application;
			sourceTree = "<group>";
		};
		BE0DCDEC2B8B6A1F00249D2E /* Controller */ = {
			isa = PBXGroup;
			children = (
				BE0DCDD92B8B687D00249D2E /* StartViewController.swift */,
				BE0DCE182B8BC1A800249D2E /* RulesViewController.swift */,
				BE0DCE082B8BBCD700249D2E /* GameViewController.swift */,
				BE0DCE122B8BBD8A00249D2E /* ResultViewController.swift */,
				BE0DCE0C2B8BBD0D00249D2E /* QuestionViewController.swift */,
				BE0DCE142B8BBE4100249D2E /* GameOverViewController.swift */,
			);
			path = Controller;
			sourceTree = "<group>";
		};
		BE0DCDED2B8B6A2600249D2E /* View */ = {
			isa = PBXGroup;
			children = (
				BE0DCDEA2B8B69B400249D2E /* StartView.swift */,
				BE0DCE1A2B8BC1B300249D2E /* RulesView.swift */,
				BE0DCE0A2B8BBCE000249D2E /* GameView.swift */,
				BE0DCE102B8BBD7900249D2E /* ResultView.swift */,
				CBCD61842B8D3E49005C8F54 /* ResultTableViewCell.swift */,
				BE0DCE162B8BBE4A00249D2E /* GameOverView.swift */,
			);
			path = View;
			sourceTree = "<group>";
		};
		BE0DCDEE2B8B6A3600249D2E /* Resources */ = {
			isa = PBXGroup;
			children = (
				BE0DCDF22B8B849100249D2E /* Assets.xcassets */,
				BE0DCDE02B8B688000249D2E /* LaunchScreen.storyboard */,
				BE0DCDE32B8B688000249D2E /* Info.plist */,
			);
			path = Resources;
			sourceTree = "<group>";
		};
		BE0DCDEF2B8B6A6400249D2E /* Model */ = {
			isa = PBXGroup;
			children = (
				BE0DCDF02B8B6A8E00249D2E /* Question.swift */,
				BE0DCE1C2B8BD2CF00249D2E /* Answer.swift */,
				BE0DCE1E2B8D4ED500249D2E /* Quiz.swift */,
				5353F08C2B8CFB5B0088050A /* Rules.swift */,
			);
			path = Model;
			sourceTree = "<group>";
		};
		BE0DCDF42B8B8C4C00249D2E /* Sounds */ = {
			isa = PBXGroup;
			children = (
				BE0DCE272B8E1E5B00249D2E /* boleeKachestvennyiy.mp3 */,
				BE0DCE262B8E1E5B00249D2E /* otvetPrinyat.mp3 */,
				BE0DCE282B8E1E5B00249D2E /* otvetVernyiy.mp3 */,
				BE0DCE292B8E1E5B00249D2E /* zvukChasov.mp3 */,
				BE0DCE2A2B8E1E5B00249D2E /* zvukNepravilnogo.mp3 */,
			);
			path = Sounds;
			sourceTree = "<group>";
		};
		BE0DCE012B8B8EDB00249D2E /* Fonts */ = {
			isa = PBXGroup;
			children = (
				BE0DCE032B8BB47800249D2E /* Gilroy-Bold.ttf */,
				BE0DCE022B8BB47800249D2E /* Gilroy-Lightitalic.ttf */,
				BE0DCE042B8BB47800249D2E /* Gilroy-Regular.ttf */,
			);
			path = Fonts;
			sourceTree = "<group>";
		};
/* End PBXGroup section */

/* Begin PBXNativeTarget section */
		BE0DCDD12B8B687D00249D2E /* MillionerGame */ = {
			isa = PBXNativeTarget;
			buildConfigurationList = BE0DCDE62B8B688000249D2E /* Build configuration list for PBXNativeTarget "MillionerGame" */;
			buildPhases = (
				BE0DCDCE2B8B687D00249D2E /* Sources */,
				BE0DCDCF2B8B687D00249D2E /* Frameworks */,
				BE0DCDD02B8B687D00249D2E /* Resources */,
			);
			buildRules = (
			);
			dependencies = (
			);
			name = MillionerGame;
			productName = MillionerGame;
			productReference = BE0DCDD22B8B687D00249D2E /* MillionerGame.app */;
			productType = "com.apple.product-type.application";
		};
/* End PBXNativeTarget section */

/* Begin PBXProject section */
		BE0DCDCA2B8B687D00249D2E /* Project object */ = {
			isa = PBXProject;
			attributes = {
				BuildIndependentTargetsInParallel = 1;
				LastSwiftUpdateCheck = 1520;
				LastUpgradeCheck = 1520;
				TargetAttributes = {
					BE0DCDD12B8B687D00249D2E = {
						CreatedOnToolsVersion = 15.2;
					};
				};
			};
			buildConfigurationList = BE0DCDCD2B8B687D00249D2E /* Build configuration list for PBXProject "MillionerGame" */;
			compatibilityVersion = "Xcode 15.0";
			developmentRegion = en;
			hasScannedForEncodings = 0;
			knownRegions = (
				en,
				Base,
			);
			mainGroup = BE0DCDC92B8B687D00249D2E;
			productRefGroup = BE0DCDD32B8B687D00249D2E /* Products */;
			projectDirPath = "";
			projectRoot = "";
			targets = (
				BE0DCDD12B8B687D00249D2E /* MillionerGame */,
			);
		};
/* End PBXProject section */

/* Begin PBXResourcesBuildPhase section */
		BE0DCDD02B8B687D00249D2E /* Resources */ = {
			isa = PBXResourcesBuildPhase;
			buildActionMask = 2147483647;
			files = (
				BE0DCE2F2B8E1E5B00249D2E /* zvukNepravilnogo.mp3 in Resources */,
				BE0DCDF32B8B849100249D2E /* Assets.xcassets in Resources */,
				BE0DCE062B8BB47800249D2E /* Gilroy-Bold.ttf in Resources */,
				BE0DCDE22B8B688000249D2E /* LaunchScreen.storyboard in Resources */,
				BE0DCE2E2B8E1E5B00249D2E /* zvukChasov.mp3 in Resources */,
				BE0DCE2B2B8E1E5B00249D2E /* otvetPrinyat.mp3 in Resources */,
				BE0DCE2C2B8E1E5B00249D2E /* boleeKachestvennyiy.mp3 in Resources */,
				BE0DCE052B8BB47800249D2E /* Gilroy-Lightitalic.ttf in Resources */,
				BE0DCE2D2B8E1E5B00249D2E /* otvetVernyiy.mp3 in Resources */,
				BE0DCE072B8BB47800249D2E /* Gilroy-Regular.ttf in Resources */,
			);
			runOnlyForDeploymentPostprocessing = 0;
		};
/* End PBXResourcesBuildPhase section */

/* Begin PBXSourcesBuildPhase section */
		BE0DCDCE2B8B687D00249D2E /* Sources */ = {
			isa = PBXSourcesBuildPhase;
			buildActionMask = 2147483647;
			files = (
				BE0DCE192B8BC1A800249D2E /* RulesViewController.swift in Sources */,
				BE0DCE172B8BBE4A00249D2E /* GameOverView.swift in Sources */,
				BE0DCE092B8BBCD700249D2E /* GameViewController.swift in Sources */,
				BE0DCDF12B8B6A8E00249D2E /* Question.swift in Sources */,
				BE0DCDDA2B8B687D00249D2E /* StartViewController.swift in Sources */,
				BE0DCE0B2B8BBCE000249D2E /* GameView.swift in Sources */,
				BE0DCDD62B8B687D00249D2E /* AppDelegate.swift in Sources */,
				BE0DCE1D2B8BD2CF00249D2E /* Answer.swift in Sources */,
				BE0DCDD82B8B687D00249D2E /* SceneDelegate.swift in Sources */,
				5353F08D2B8CFB5B0088050A /* Rules.swift in Sources */,
				BE0DCE132B8BBD8A00249D2E /* ResultViewController.swift in Sources */,
				CBCD61852B8D3E49005C8F54 /* ResultTableViewCell.swift in Sources */,
				BE0DCE1B2B8BC1B300249D2E /* RulesView.swift in Sources */,
				BE0DCE1F2B8D4ED500249D2E /* Quiz.swift in Sources */,
				BE0DCE112B8BBD7900249D2E /* ResultView.swift in Sources */,
				BE0DCE152B8BBE4100249D2E /* GameOverViewController.swift in Sources */,
				BE0DCDEB2B8B69B400249D2E /* StartView.swift in Sources */,
			);
			runOnlyForDeploymentPostprocessing = 0;
		};
/* End PBXSourcesBuildPhase section */

/* Begin PBXVariantGroup section */
		BE0DCDE02B8B688000249D2E /* LaunchScreen.storyboard */ = {
			isa = PBXVariantGroup;
			children = (
				BE0DCDE12B8B688000249D2E /* Base */,
			);
			name = LaunchScreen.storyboard;
			sourceTree = "<group>";
		};
/* End PBXVariantGroup section */

/* Begin XCBuildConfiguration section */
		BE0DCDE42B8B688000249D2E /* Debug */ = {
			isa = XCBuildConfiguration;
			buildSettings = {
				ALWAYS_SEARCH_USER_PATHS = NO;
				ASSETCATALOG_COMPILER_GENERATE_SWIFT_ASSET_SYMBOL_EXTENSIONS = YES;
				CLANG_ANALYZER_NONNULL = YES;
				CLANG_ANALYZER_NUMBER_OBJECT_CONVERSION = YES_AGGRESSIVE;
				CLANG_CXX_LANGUAGE_STANDARD = "gnu++20";
				CLANG_ENABLE_MODULES = YES;
				CLANG_ENABLE_OBJC_ARC = YES;
				CLANG_ENABLE_OBJC_WEAK = YES;
				CLANG_WARN_BLOCK_CAPTURE_AUTORELEASING = YES;
				CLANG_WARN_BOOL_CONVERSION = YES;
				CLANG_WARN_COMMA = YES;
				CLANG_WARN_CONSTANT_CONVERSION = YES;
				CLANG_WARN_DEPRECATED_OBJC_IMPLEMENTATIONS = YES;
				CLANG_WARN_DIRECT_OBJC_ISA_USAGE = YES_ERROR;
				CLANG_WARN_DOCUMENTATION_COMMENTS = YES;
				CLANG_WARN_EMPTY_BODY = YES;
				CLANG_WARN_ENUM_CONVERSION = YES;
				CLANG_WARN_INFINITE_RECURSION = YES;
				CLANG_WARN_INT_CONVERSION = YES;
				CLANG_WARN_NON_LITERAL_NULL_CONVERSION = YES;
				CLANG_WARN_OBJC_IMPLICIT_RETAIN_SELF = YES;
				CLANG_WARN_OBJC_LITERAL_CONVERSION = YES;
				CLANG_WARN_OBJC_ROOT_CLASS = YES_ERROR;
				CLANG_WARN_QUOTED_INCLUDE_IN_FRAMEWORK_HEADER = YES;
				CLANG_WARN_RANGE_LOOP_ANALYSIS = YES;
				CLANG_WARN_STRICT_PROTOTYPES = YES;
				CLANG_WARN_SUSPICIOUS_MOVE = YES;
				CLANG_WARN_UNGUARDED_AVAILABILITY = YES_AGGRESSIVE;
				CLANG_WARN_UNREACHABLE_CODE = YES;
				CLANG_WARN__DUPLICATE_METHOD_MATCH = YES;
				COPY_PHASE_STRIP = NO;
				DEBUG_INFORMATION_FORMAT = dwarf;
				ENABLE_STRICT_OBJC_MSGSEND = YES;
				ENABLE_TESTABILITY = YES;
				ENABLE_USER_SCRIPT_SANDBOXING = YES;
				GCC_C_LANGUAGE_STANDARD = gnu17;
				GCC_DYNAMIC_NO_PIC = NO;
				GCC_NO_COMMON_BLOCKS = YES;
				GCC_OPTIMIZATION_LEVEL = 0;
				GCC_PREPROCESSOR_DEFINITIONS = (
					"DEBUG=1",
					"$(inherited)",
				);
				GCC_WARN_64_TO_32_BIT_CONVERSION = YES;
				GCC_WARN_ABOUT_RETURN_TYPE = YES_ERROR;
				GCC_WARN_UNDECLARED_SELECTOR = YES;
				GCC_WARN_UNINITIALIZED_AUTOS = YES_AGGRESSIVE;
				GCC_WARN_UNUSED_FUNCTION = YES;
				GCC_WARN_UNUSED_VARIABLE = YES;
				IPHONEOS_DEPLOYMENT_TARGET = 17.2;
				LOCALIZATION_PREFERS_STRING_CATALOGS = YES;
				MTL_ENABLE_DEBUG_INFO = INCLUDE_SOURCE;
				MTL_FAST_MATH = YES;
				ONLY_ACTIVE_ARCH = YES;
				SDKROOT = iphoneos;
				SWIFT_ACTIVE_COMPILATION_CONDITIONS = "DEBUG $(inherited)";
				SWIFT_OPTIMIZATION_LEVEL = "-Onone";
			};
			name = Debug;
		};
		BE0DCDE52B8B688000249D2E /* Release */ = {
			isa = XCBuildConfiguration;
			buildSettings = {
				ALWAYS_SEARCH_USER_PATHS = NO;
				ASSETCATALOG_COMPILER_GENERATE_SWIFT_ASSET_SYMBOL_EXTENSIONS = YES;
				CLANG_ANALYZER_NONNULL = YES;
				CLANG_ANALYZER_NUMBER_OBJECT_CONVERSION = YES_AGGRESSIVE;
				CLANG_CXX_LANGUAGE_STANDARD = "gnu++20";
				CLANG_ENABLE_MODULES = YES;
				CLANG_ENABLE_OBJC_ARC = YES;
				CLANG_ENABLE_OBJC_WEAK = YES;
				CLANG_WARN_BLOCK_CAPTURE_AUTORELEASING = YES;
				CLANG_WARN_BOOL_CONVERSION = YES;
				CLANG_WARN_COMMA = YES;
				CLANG_WARN_CONSTANT_CONVERSION = YES;
				CLANG_WARN_DEPRECATED_OBJC_IMPLEMENTATIONS = YES;
				CLANG_WARN_DIRECT_OBJC_ISA_USAGE = YES_ERROR;
				CLANG_WARN_DOCUMENTATION_COMMENTS = YES;
				CLANG_WARN_EMPTY_BODY = YES;
				CLANG_WARN_ENUM_CONVERSION = YES;
				CLANG_WARN_INFINITE_RECURSION = YES;
				CLANG_WARN_INT_CONVERSION = YES;
				CLANG_WARN_NON_LITERAL_NULL_CONVERSION = YES;
				CLANG_WARN_OBJC_IMPLICIT_RETAIN_SELF = YES;
				CLANG_WARN_OBJC_LITERAL_CONVERSION = YES;
				CLANG_WARN_OBJC_ROOT_CLASS = YES_ERROR;
				CLANG_WARN_QUOTED_INCLUDE_IN_FRAMEWORK_HEADER = YES;
				CLANG_WARN_RANGE_LOOP_ANALYSIS = YES;
				CLANG_WARN_STRICT_PROTOTYPES = YES;
				CLANG_WARN_SUSPICIOUS_MOVE = YES;
				CLANG_WARN_UNGUARDED_AVAILABILITY = YES_AGGRESSIVE;
				CLANG_WARN_UNREACHABLE_CODE = YES;
				CLANG_WARN__DUPLICATE_METHOD_MATCH = YES;
				COPY_PHASE_STRIP = NO;
				DEBUG_INFORMATION_FORMAT = "dwarf-with-dsym";
				ENABLE_NS_ASSERTIONS = NO;
				ENABLE_STRICT_OBJC_MSGSEND = YES;
				ENABLE_USER_SCRIPT_SANDBOXING = YES;
				GCC_C_LANGUAGE_STANDARD = gnu17;
				GCC_NO_COMMON_BLOCKS = YES;
				GCC_WARN_64_TO_32_BIT_CONVERSION = YES;
				GCC_WARN_ABOUT_RETURN_TYPE = YES_ERROR;
				GCC_WARN_UNDECLARED_SELECTOR = YES;
				GCC_WARN_UNINITIALIZED_AUTOS = YES_AGGRESSIVE;
				GCC_WARN_UNUSED_FUNCTION = YES;
				GCC_WARN_UNUSED_VARIABLE = YES;
				IPHONEOS_DEPLOYMENT_TARGET = 17.2;
				LOCALIZATION_PREFERS_STRING_CATALOGS = YES;
				MTL_ENABLE_DEBUG_INFO = NO;
				MTL_FAST_MATH = YES;
				SDKROOT = iphoneos;
				SWIFT_COMPILATION_MODE = wholemodule;
				VALIDATE_PRODUCT = YES;
			};
			name = Release;
		};
		BE0DCDE72B8B688000249D2E /* Debug */ = {
			isa = XCBuildConfiguration;
			buildSettings = {
				ASSETCATALOG_COMPILER_APPICON_NAME = AppIcon;
				ASSETCATALOG_COMPILER_GLOBAL_ACCENT_COLOR_NAME = AccentColor;
				CODE_SIGN_STYLE = Automatic;
				CURRENT_PROJECT_VERSION = 1;
				DEVELOPMENT_TEAM = Y5B46GH7KM;
				GENERATE_INFOPLIST_FILE = YES;
				INFOPLIST_FILE = MillionerGame/Resources/Info.plist;
				INFOPLIST_KEY_UIApplicationSupportsIndirectInputEvents = YES;
				INFOPLIST_KEY_UILaunchStoryboardName = LaunchScreen;
				INFOPLIST_KEY_UISupportedInterfaceOrientations_iPad = "UIInterfaceOrientationPortrait UIInterfaceOrientationPortraitUpsideDown UIInterfaceOrientationLandscapeLeft UIInterfaceOrientationLandscapeRight";
				INFOPLIST_KEY_UISupportedInterfaceOrientations_iPhone = "UIInterfaceOrientationPortrait UIInterfaceOrientationLandscapeLeft UIInterfaceOrientationLandscapeRight";
				IPHONEOS_DEPLOYMENT_TARGET = 16.0;
				LD_RUNPATH_SEARCH_PATHS = (
					"$(inherited)",
					"@executable_path/Frameworks",
				);
				MARKETING_VERSION = 1.0;
				PRODUCT_BUNDLE_IDENTIFIER = IvanSemenov.MillionerGame;
				PRODUCT_NAME = "$(TARGET_NAME)";
				SWIFT_EMIT_LOC_STRINGS = YES;
				SWIFT_VERSION = 5.0;
				TARGETED_DEVICE_FAMILY = "1,2";
			};
			name = Debug;
		};
		BE0DCDE82B8B688000249D2E /* Release */ = {
			isa = XCBuildConfiguration;
			buildSettings = {
				ASSETCATALOG_COMPILER_APPICON_NAME = AppIcon;
				ASSETCATALOG_COMPILER_GLOBAL_ACCENT_COLOR_NAME = AccentColor;
				CODE_SIGN_STYLE = Automatic;
				CURRENT_PROJECT_VERSION = 1;
				DEVELOPMENT_TEAM = Y5B46GH7KM;
				GENERATE_INFOPLIST_FILE = YES;
				INFOPLIST_FILE = MillionerGame/Resources/Info.plist;
				INFOPLIST_KEY_UIApplicationSupportsIndirectInputEvents = YES;
				INFOPLIST_KEY_UILaunchStoryboardName = LaunchScreen;
				INFOPLIST_KEY_UISupportedInterfaceOrientations_iPad = "UIInterfaceOrientationPortrait UIInterfaceOrientationPortraitUpsideDown UIInterfaceOrientationLandscapeLeft UIInterfaceOrientationLandscapeRight";
				INFOPLIST_KEY_UISupportedInterfaceOrientations_iPhone = "UIInterfaceOrientationPortrait UIInterfaceOrientationLandscapeLeft UIInterfaceOrientationLandscapeRight";
				IPHONEOS_DEPLOYMENT_TARGET = 16.0;
				LD_RUNPATH_SEARCH_PATHS = (
					"$(inherited)",
					"@executable_path/Frameworks",
				);
				MARKETING_VERSION = 1.0;
				PRODUCT_BUNDLE_IDENTIFIER = IvanSemenov.MillionerGame;
				PRODUCT_NAME = "$(TARGET_NAME)";
				SWIFT_EMIT_LOC_STRINGS = YES;
				SWIFT_VERSION = 5.0;
				TARGETED_DEVICE_FAMILY = "1,2";
			};
			name = Release;
		};
/* End XCBuildConfiguration section */

/* Begin XCConfigurationList section */
		BE0DCDCD2B8B687D00249D2E /* Build configuration list for PBXProject "MillionerGame" */ = {
			isa = XCConfigurationList;
			buildConfigurations = (
				BE0DCDE42B8B688000249D2E /* Debug */,
				BE0DCDE52B8B688000249D2E /* Release */,
			);
			defaultConfigurationIsVisible = 0;
			defaultConfigurationName = Release;
		};
		BE0DCDE62B8B688000249D2E /* Build configuration list for PBXNativeTarget "MillionerGame" */ = {
			isa = XCConfigurationList;
			buildConfigurations = (
				BE0DCDE72B8B688000249D2E /* Debug */,
				BE0DCDE82B8B688000249D2E /* Release */,
			);
			defaultConfigurationIsVisible = 0;
			defaultConfigurationName = Release;
		};
/* End XCConfigurationList section */
	};
	rootObject = BE0DCDCA2B8B687D00249D2E /* Project object */;
}
